
Microsoft Visual Studio Solution File, Format Version 12.00
# Visual Studio Version 17
VisualStudioVersion = 17.7.34202.233
MinimumVisualStudioVersion = 10.0.40219.1
Project("{FAE04EC0-301F-11D3-BF4B-00C04F79EFBC}") = "LoginUsingMiddleware", "LoginUsingMiddleware.csproj", "{03CB057E-4A35-43C0-86FD-D5D14B7DCBA1}"
EndProject
Global
	GlobalSection(SolutionConfigurationPlatforms) = preSolution
		Debug|Any CPU = Debug|Any CPU
		Release|Any CPU = Release|Any CPU
	EndGlobalSection
	GlobalSection(ProjectConfigurationPlatforms) = postSolution
		{03CB057E-4A35-43C0-86FD-D5D14B7DCBA1}.Debug|Any CPU.ActiveCfg = Debug|Any CPU
		{03CB057E-4A35-43C0-86FD-D5D14B7DCBA1}.Debug|Any CPU.Build.0 = Debug|Any CPU
		{03CB057E-4A35-43C0-86FD-D5D14B7DCBA1}.Release|Any CPU.ActiveCfg = Release|Any CPU
		{03CB057E-4A35-43C0-86FD-D5D14B7DCBA1}.Release|Any CPU.Build.0 = Release|Any CPU
	EndGlobalSection
	GlobalSection(SolutionProperties) = preSolution
		HideSolutionNode = FALSE
	EndGlobalSection
	GlobalSection(ExtensibilityGlobals) = postSolution
		SolutionGuid = {A4FE427F-0AC7-42EB-B848-BAC4A2C060C3}
	EndGlobalSection
EndGlobal
