
Microsoft Visual Studio Solution File, Format Version 12.00
# Visual Studio Version 17
VisualStudioVersion = 17.7.34202.233
MinimumVisualStudioVersion = 10.0.40219.1
Project("{FAE04EC0-301F-11D3-BF4B-00C04F79EFBC}") = "MathApp", "MathApp.csproj", "{5BCA187C-09AA-4F66-AA3C-6F09A17AEA52}"
EndProject
Global
	GlobalSection(SolutionConfigurationPlatforms) = preSolution
		Debug|Any CPU = Debug|Any CPU
		Release|Any CPU = Release|Any CPU
	EndGlobalSection
	GlobalSection(ProjectConfigurationPlatforms) = postSolution
		{5BCA187C-09AA-4F66-AA3C-6F09A17AEA52}.Debug|Any CPU.ActiveCfg = Debug|Any CPU
		{5BCA187C-09AA-4F66-AA3C-6F09A17AEA52}.Debug|Any CPU.Build.0 = Debug|Any CPU
		{5BCA187C-09AA-4F66-AA3C-6F09A17AEA52}.Release|Any CPU.ActiveCfg = Release|Any CPU
		{5BCA187C-09AA-4F66-AA3C-6F09A17AEA52}.Release|Any CPU.Build.0 = Release|Any CPU
	EndGlobalSection
	GlobalSection(SolutionProperties) = preSolution
		HideSolutionNode = FALSE
	EndGlobalSection
	GlobalSection(ExtensibilityGlobals) = postSolution
		SolutionGuid = {7DA2CF59-9C45-42B4-A351-F7616453ADF1}
	EndGlobalSection
EndGlobal
